# THIS IS AN AUTOGENERATED FILE. DO NOT EDIT THIS FILE DIRECTLY.
# yarn lockfile v1


"@babel/runtime@^7.7.6":
  version "7.16.5"
  resolved "https://registry.yarnpkg.com/@babel/runtime/-/runtime-7.16.5.tgz#7f3e34bf8bdbbadf03fbb7b1ea0d929569c9487a"
  integrity sha512-TXWihFIS3Pyv5hzR7j6ihmeLkZfrXGxAr5UfSl8CHf+6q/wpiYDkUau0czckpYG8QmnCIuPpdLtuA9VmuGGyMA==
  dependencies:
    regenerator-runtime "^0.13.4"

history@^5.1.0:
  version "5.1.0"
  resolved "https://registry.yarnpkg.com/history/-/history-5.1.0.tgz#2e93c09c064194d38d52ed62afd0afc9d9b01ece"
  integrity sha512-zPuQgPacm2vH2xdORvGGz1wQMuHSIB56yNAy5FnLuwOwgSYyPKptJtcMm6Ev+hRGeS+GzhbmRacHzvlESbFwDg==
  dependencies:
    "@babel/runtime" "^7.7.6"

react-router-dom@^6.1.1:
  version "6.1.1"
  resolved "https://registry.yarnpkg.com/react-router-dom/-/react-router-dom-6.1.1.tgz#ed59376ff9115bc49227e87982a32e91e9530ca3"
  integrity sha512-O3UH89DI4o+swd2q6lF4dSmpuNCxwkUXcj0zAFcVc1H+YoPE6T7uwoFMX0ws1pUvCY8lYDucFpOqCCdal6VFzg==
  dependencies:
    history "^5.1.0"
    react-router "6.1.1"

react-router@6.1.1:
  version "6.1.1"
  resolved "https://registry.yarnpkg.com/react-router/-/react-router-6.1.1.tgz#16f41bf54e87d995bcd4d447720a693f77d8fcb9"
  integrity sha512-55o96RiDZmC0uD17DPqVmzzfdNd2Dc+EjkYvMAmHl43du/GItaTdFr5WwjTryNWPXZ+OOVQxQhwAX25UwxpHtw==
  dependencies:
    history "^5.1.0"

regenerator-runtime@^0.13.4:
  version "0.13.9"
  resolved "https://registry.yarnpkg.com/regenerator-runtime/-/regenerator-runtime-0.13.9.tgz#8925742a98ffd90814988d7566ad30ca3b263b52"
  integrity sha512-p3VT+cOEgxFsRRA9X4lkI1E+k2/CtnKtU4gcxyaCUreilL/vqI6CdZ3wxVUx3UOUg+gnUOQQcRI7BmSI656MYA==
